
Microsoft Visual Studio Solution File, Format Version 12.00
# Visual Studio Version 17
VisualStudioVersion = 17.7.34202.233
MinimumVisualStudioVersion = 10.0.40219.1
Project("{FAE04EC0-301F-11D3-BF4B-00C04F79EFBC}") = "ConsoleApp6", "ConsoleApp6\ConsoleApp6.csproj", "{9B3753C3-30A2-467D-A6CD-651D3CD04E95}"
EndProject
Global
	GlobalSection(SolutionConfigurationPlatforms) = preSolution
		Debug|Any CPU = Debug|Any CPU
		Release|Any CPU = Release|Any CPU
	EndGlobalSection
	GlobalSection(ProjectConfigurationPlatforms) = postSolution
		{9B3753C3-30A2-467D-A6CD-651D3CD04E95}.Debug|Any CPU.ActiveCfg = Debug|Any CPU
		{9B3753C3-30A2-467D-A6CD-651D3CD04E95}.Debug|Any CPU.Build.0 = Debug|Any CPU
		{9B3753C3-30A2-467D-A6CD-651D3CD04E95}.Release|Any CPU.ActiveCfg = Release|Any CPU
		{9B3753C3-30A2-467D-A6CD-651D3CD04E95}.Release|Any CPU.Build.0 = Release|Any CPU
	EndGlobalSection
	GlobalSection(SolutionProperties) = preSolution
		HideSolutionNode = FALSE
	EndGlobalSection
	GlobalSection(ExtensibilityGlobals) = postSolution
		SolutionGuid = {E0B54354-F0E9-41EC-82AD-814E500E1A5B}
	EndGlobalSection
EndGlobal
